
Microsoft Visual Studio Solution File, Format Version 12.00
# Visual Studio 15
VisualStudioVersion = 15.0.27703.2042
MinimumVisualStudioVersion = 10.0.40219.1
Project("{FAE04EC0-301F-11D3-BF4B-00C04F79EFBC}") = "Login-page", "Login-page\Login-page.csproj", "{41C9B63B-1D7D-434B-A26F-7B49ADCD3D0E}"
EndProject
Global
	GlobalSection(SolutionConfigurationPlatforms) = preSolution
		Debug|Any CPU = Debug|Any CPU
		Release|Any CPU = Release|Any CPU
	EndGlobalSection
	GlobalSection(ProjectConfigurationPlatforms) = postSolution
		{41C9B63B-1D7D-434B-A26F-7B49ADCD3D0E}.Debug|Any CPU.ActiveCfg = Debug|Any CPU
		{41C9B63B-1D7D-434B-A26F-7B49ADCD3D0E}.Debug|Any CPU.Build.0 = Debug|Any CPU
		{41C9B63B-1D7D-434B-A26F-7B49ADCD3D0E}.Release|Any CPU.ActiveCfg = Release|Any CPU
		{41C9B63B-1D7D-434B-A26F-7B49ADCD3D0E}.Release|Any CPU.Build.0 = Release|Any CPU
	EndGlobalSection
	GlobalSection(SolutionProperties) = preSolution
		HideSolutionNode = FALSE
	EndGlobalSection
	GlobalSection(ExtensibilityGlobals) = postSolution
		SolutionGuid = {6A308EE8-B6C9-4811-B8BC-F5B5035A9337}
	EndGlobalSection
EndGlobal
